
Microsoft Visual Studio Solution File, Format Version 12.00
# Visual Studio 14
VisualStudioVersion = 14.0.25420.1
MinimumVisualStudioVersion = 10.0.40219.1
Project("{FAE04EC0-301F-11D3-BF4B-00C04F79EFBC}") = "CableAPI", "CableAPI\CableAPI.csproj", "{DD3C39BD-7792-48BC-9451-25D7F16504CC}"
EndProject
Project("{FAE04EC0-301F-11D3-BF4B-00C04F79EFBC}") = "CableAPI.Data", "CableAPI.Data\CableAPI.Data.csproj", "{74EBD11C-FCFC-493B-A85A-3AD1F3D214F6}"
EndProject
Global
	GlobalSection(SolutionConfigurationPlatforms) = preSolution
		Debug|Any CPU = Debug|Any CPU
		Release|Any CPU = Release|Any CPU
	EndGlobalSection
	GlobalSection(ProjectConfigurationPlatforms) = postSolution
		{DD3C39BD-7792-48BC-9451-25D7F16504CC}.Debug|Any CPU.ActiveCfg = Debug|Any CPU
		{DD3C39BD-7792-48BC-9451-25D7F16504CC}.Debug|Any CPU.Build.0 = Debug|Any CPU
		{DD3C39BD-7792-48BC-9451-25D7F16504CC}.Release|Any CPU.ActiveCfg = Release|Any CPU
		{DD3C39BD-7792-48BC-9451-25D7F16504CC}.Release|Any CPU.Build.0 = Release|Any CPU
		{74EBD11C-FCFC-493B-A85A-3AD1F3D214F6}.Debug|Any CPU.ActiveCfg = Debug|Any CPU
		{74EBD11C-FCFC-493B-A85A-3AD1F3D214F6}.Debug|Any CPU.Build.0 = Debug|Any CPU
		{74EBD11C-FCFC-493B-A85A-3AD1F3D214F6}.Release|Any CPU.ActiveCfg = Release|Any CPU
		{74EBD11C-FCFC-493B-A85A-3AD1F3D214F6}.Release|Any CPU.Build.0 = Release|Any CPU
	EndGlobalSection
	GlobalSection(SolutionProperties) = preSolution
		HideSolutionNode = FALSE
	EndGlobalSection
EndGlobal
